// !$*UTF8*$!
{
	archiveVersion = 1;
	classes = {
	};
	objectVersion = 50;
	objects = {

/* Begin PBXBuildFile section */
		CDA92AB722D572A900696014 /* NetworkResponse.swift in Sources */ = {isa = PBXBuildFile; fileRef = CDA92AAB22D572A900696014 /* NetworkResponse.swift */; };
		CDA92AB822D572A900696014 /* NetworkManager.swift in Sources */ = {isa = PBXBuildFile; fileRef = CDA92AAC22D572A900696014 /* NetworkManager.swift */; };
		CDA92AB922D572A900696014 /* ParameterEncoding.swift in Sources */ = {isa = PBXBuildFile; fileRef = CDA92AAD22D572A900696014 /* ParameterEncoding.swift */; };
		CDA92ABA22D572A900696014 /* HTTPMethod.swift in Sources */ = {isa = PBXBuildFile; fileRef = CDA92AAE22D572A900696014 /* HTTPMethod.swift */; };
		CDA92ABB22D572A900696014 /* EndPointType.swift in Sources */ = {isa = PBXBuildFile; fileRef = CDA92AAF22D572A900696014 /* EndPointType.swift */; };
		CDA92ABC22D572A900696014 /* EventEndPoint.swift in Sources */ = {isa = PBXBuildFile; fileRef = CDA92AB122D572A900696014 /* EventEndPoint.swift */; };
		CDA92ABD22D572A900696014 /* Environment.swift in Sources */ = {isa = PBXBuildFile; fileRef = CDA92AB322D572A900696014 /* Environment.swift */; };
		CDA92ABE22D572A900696014 /* Environment.plist in Resources */ = {isa = PBXBuildFile; fileRef = CDA92AB422D572A900696014 /* Environment.plist */; };
		CDA92AC222D5752500696014 /* Localizable.strings in Resources */ = {isa = PBXBuildFile; fileRef = CDA92AC122D5752400696014 /* Localizable.strings */; };
		CDA92AC522D578F400696014 /* String.swift in Sources */ = {isa = PBXBuildFile; fileRef = CDA92AC422D578F400696014 /* String.swift */; };
		CDA92AC722D57F3B00696014 /* EventsListService.swift in Sources */ = {isa = PBXBuildFile; fileRef = CDA92AC622D57F3B00696014 /* EventsListService.swift */; };
		CDA92AC922D5834A00696014 /* NetworkManagerTests.swift in Sources */ = {isa = PBXBuildFile; fileRef = CDA92AC822D5834A00696014 /* NetworkManagerTests.swift */; };
		CDE1599C22D554E4004D43F3 /* AppDelegate.swift in Sources */ = {isa = PBXBuildFile; fileRef = CDE1599B22D554E4004D43F3 /* AppDelegate.swift */; };
		CDE1599E22D554E4004D43F3 /* ViewController.swift in Sources */ = {isa = PBXBuildFile; fileRef = CDE1599D22D554E4004D43F3 /* ViewController.swift */; };
		CDE159A122D554E4004D43F3 /* Main.storyboard in Resources */ = {isa = PBXBuildFile; fileRef = CDE1599F22D554E4004D43F3 /* Main.storyboard */; };
		CDE159A322D554E5004D43F3 /* Assets.xcassets in Resources */ = {isa = PBXBuildFile; fileRef = CDE159A222D554E5004D43F3 /* Assets.xcassets */; };
		CDE159A622D554E5004D43F3 /* LaunchScreen.storyboard in Resources */ = {isa = PBXBuildFile; fileRef = CDE159A422D554E5004D43F3 /* LaunchScreen.storyboard */; };
/* End PBXBuildFile section */

/* Begin PBXContainerItemProxy section */
		CDE159AD22D554E5004D43F3 /* PBXContainerItemProxy */ = {
			isa = PBXContainerItemProxy;
			containerPortal = CDE1599022D554E4004D43F3 /* Project object */;
			proxyType = 1;
			remoteGlobalIDString = CDE1599722D554E4004D43F3;
			remoteInfo = EventsApp;
		};
/* End PBXContainerItemProxy section */

/* Begin PBXFileReference section */
		CDA92AAB22D572A900696014 /* NetworkResponse.swift */ = {isa = PBXFileReference; fileEncoding = 4; lastKnownFileType = sourcecode.swift; path = NetworkResponse.swift; sourceTree = "<group>"; };
		CDA92AAC22D572A900696014 /* NetworkManager.swift */ = {isa = PBXFileReference; fileEncoding = 4; lastKnownFileType = sourcecode.swift; path = NetworkManager.swift; sourceTree = "<group>"; };
		CDA92AAD22D572A900696014 /* ParameterEncoding.swift */ = {isa = PBXFileReference; fileEncoding = 4; lastKnownFileType = sourcecode.swift; path = ParameterEncoding.swift; sourceTree = "<group>"; };
		CDA92AAE22D572A900696014 /* HTTPMethod.swift */ = {isa = PBXFileReference; fileEncoding = 4; lastKnownFileType = sourcecode.swift; path = HTTPMethod.swift; sourceTree = "<group>"; };
		CDA92AAF22D572A900696014 /* EndPointType.swift */ = {isa = PBXFileReference; fileEncoding = 4; lastKnownFileType = sourcecode.swift; path = EndPointType.swift; sourceTree = "<group>"; };
		CDA92AB122D572A900696014 /* EventEndPoint.swift */ = {isa = PBXFileReference; fileEncoding = 4; lastKnownFileType = sourcecode.swift; path = EventEndPoint.swift; sourceTree = "<group>"; };
		CDA92AB322D572A900696014 /* Environment.swift */ = {isa = PBXFileReference; fileEncoding = 4; lastKnownFileType = sourcecode.swift; path = Environment.swift; sourceTree = "<group>"; };
		CDA92AB422D572A900696014 /* Environment.plist */ = {isa = PBXFileReference; fileEncoding = 4; lastKnownFileType = text.plist.xml; path = Environment.plist; sourceTree = "<group>"; };
		CDA92AC122D5752400696014 /* Localizable.strings */ = {isa = PBXFileReference; fileEncoding = 4; lastKnownFileType = text.plist.strings; path = Localizable.strings; sourceTree = "<group>"; };
		CDA92AC422D578F400696014 /* String.swift */ = {isa = PBXFileReference; fileEncoding = 4; lastKnownFileType = sourcecode.swift; path = String.swift; sourceTree = "<group>"; };
		CDA92AC622D57F3B00696014 /* EventsListService.swift */ = {isa = PBXFileReference; lastKnownFileType = sourcecode.swift; path = EventsListService.swift; sourceTree = "<group>"; };
		CDA92AC822D5834A00696014 /* NetworkManagerTests.swift */ = {isa = PBXFileReference; fileEncoding = 4; lastKnownFileType = sourcecode.swift; path = NetworkManagerTests.swift; sourceTree = "<group>"; };
		CDE1599822D554E4004D43F3 /* EventsApp.app */ = {isa = PBXFileReference; explicitFileType = wrapper.application; includeInIndex = 0; path = EventsApp.app; sourceTree = BUILT_PRODUCTS_DIR; };
		CDE1599B22D554E4004D43F3 /* AppDelegate.swift */ = {isa = PBXFileReference; lastKnownFileType = sourcecode.swift; path = AppDelegate.swift; sourceTree = "<group>"; };
		CDE1599D22D554E4004D43F3 /* ViewController.swift */ = {isa = PBXFileReference; lastKnownFileType = sourcecode.swift; path = ViewController.swift; sourceTree = "<group>"; };
		CDE159A022D554E4004D43F3 /* Base */ = {isa = PBXFileReference; lastKnownFileType = file.storyboard; name = Base; path = Base.lproj/Main.storyboard; sourceTree = "<group>"; };
		CDE159A222D554E5004D43F3 /* Assets.xcassets */ = {isa = PBXFileReference; lastKnownFileType = folder.assetcatalog; path = Assets.xcassets; sourceTree = "<group>"; };
		CDE159A522D554E5004D43F3 /* Base */ = {isa = PBXFileReference; lastKnownFileType = file.storyboard; name = Base; path = Base.lproj/LaunchScreen.storyboard; sourceTree = "<group>"; };
		CDE159A722D554E5004D43F3 /* Info.plist */ = {isa = PBXFileReference; lastKnownFileType = text.plist.xml; path = Info.plist; sourceTree = "<group>"; };
		CDE159AC22D554E5004D43F3 /* EventsAppTests.xctest */ = {isa = PBXFileReference; explicitFileType = wrapper.cfbundle; includeInIndex = 0; path = EventsAppTests.xctest; sourceTree = BUILT_PRODUCTS_DIR; };
		CDE159B222D554E5004D43F3 /* Info.plist */ = {isa = PBXFileReference; lastKnownFileType = text.plist.xml; path = Info.plist; sourceTree = "<group>"; };
/* End PBXFileReference section */

/* Begin PBXFrameworksBuildPhase section */
		CDE1599522D554E4004D43F3 /* Frameworks */ = {
			isa = PBXFrameworksBuildPhase;
			buildActionMask = 2147483647;
			files = (
			);
			runOnlyForDeploymentPostprocessing = 0;
		};
		CDE159A922D554E5004D43F3 /* Frameworks */ = {
			isa = PBXFrameworksBuildPhase;
			buildActionMask = 2147483647;
			files = (
			);
			runOnlyForDeploymentPostprocessing = 0;
		};
/* End PBXFrameworksBuildPhase section */

/* Begin PBXGroup section */
		CDA92AA922D572A900696014 /* Networking */ = {
			isa = PBXGroup;
			children = (
				CDA92AAA22D572A900696014 /* Manager */,
				CDA92AB022D572A900696014 /* EndPoint */,
				CDA92AB222D572A900696014 /* Environment */,
				CDA92AB522D572A900696014 /* Service */,
			);
			path = Networking;
			sourceTree = "<group>";
		};
		CDA92AAA22D572A900696014 /* Manager */ = {
			isa = PBXGroup;
			children = (
				CDA92AAB22D572A900696014 /* NetworkResponse.swift */,
				CDA92AAC22D572A900696014 /* NetworkManager.swift */,
				CDA92AAD22D572A900696014 /* ParameterEncoding.swift */,
				CDA92AAE22D572A900696014 /* HTTPMethod.swift */,
				CDA92AAF22D572A900696014 /* EndPointType.swift */,
			);
			path = Manager;
			sourceTree = "<group>";
		};
		CDA92AB022D572A900696014 /* EndPoint */ = {
			isa = PBXGroup;
			children = (
				CDA92AB122D572A900696014 /* EventEndPoint.swift */,
			);
			path = EndPoint;
			sourceTree = "<group>";
		};
		CDA92AB222D572A900696014 /* Environment */ = {
			isa = PBXGroup;
			children = (
				CDA92AB322D572A900696014 /* Environment.swift */,
				CDA92AB422D572A900696014 /* Environment.plist */,
			);
			path = Environment;
			sourceTree = "<group>";
		};
		CDA92AB522D572A900696014 /* Service */ = {
			isa = PBXGroup;
			children = (
				CDA92AC622D57F3B00696014 /* EventsListService.swift */,
			);
			path = Service;
			sourceTree = "<group>";
		};
		CDA92AC022D5750E00696014 /* Resources */ = {
			isa = PBXGroup;
			children = (
				CDA92AC122D5752400696014 /* Localizable.strings */,
				CDE159A222D554E5004D43F3 /* Assets.xcassets */,
			);
			path = Resources;
			sourceTree = "<group>";
		};
		CDA92AC322D5770400696014 /* Extensions */ = {
			isa = PBXGroup;
			children = (
				CDA92AC422D578F400696014 /* String.swift */,
			);
			path = Extensions;
			sourceTree = "<group>";
		};
		CDE1598F22D554E4004D43F3 = {
			isa = PBXGroup;
			children = (
				CDE1599A22D554E4004D43F3 /* EventsApp */,
				CDE159AF22D554E5004D43F3 /* EventsAppTests */,
				CDE1599922D554E4004D43F3 /* Products */,
			);
			sourceTree = "<group>";
		};
		CDE1599922D554E4004D43F3 /* Products */ = {
			isa = PBXGroup;
			children = (
				CDE1599822D554E4004D43F3 /* EventsApp.app */,
				CDE159AC22D554E5004D43F3 /* EventsAppTests.xctest */,
			);
			name = Products;
			sourceTree = "<group>";
		};
		CDE1599A22D554E4004D43F3 /* EventsApp */ = {
			isa = PBXGroup;
			children = (
				CDA92AA922D572A900696014 /* Networking */,
				CDA92AC322D5770400696014 /* Extensions */,
				CDA92AC022D5750E00696014 /* Resources */,
				CDE1599B22D554E4004D43F3 /* AppDelegate.swift */,
				CDE1599D22D554E4004D43F3 /* ViewController.swift */,
				CDE1599F22D554E4004D43F3 /* Main.storyboard */,
				CDE159A422D554E5004D43F3 /* LaunchScreen.storyboard */,
				CDE159A722D554E5004D43F3 /* Info.plist */,
			);
			path = EventsApp;
			sourceTree = "<group>";
		};
		CDE159AF22D554E5004D43F3 /* EventsAppTests */ = {
			isa = PBXGroup;
			children = (
				CDA92AC822D5834A00696014 /* NetworkManagerTests.swift */,
				CDE159B222D554E5004D43F3 /* Info.plist */,
			);
			path = EventsAppTests;
			sourceTree = "<group>";
		};
/* End PBXGroup section */

/* Begin PBXNativeTarget section */
		CDE1599722D554E4004D43F3 /* EventsApp */ = {
			isa = PBXNativeTarget;
			buildConfigurationList = CDE159B522D554E5004D43F3 /* Build configuration list for PBXNativeTarget "EventsApp" */;
			buildPhases = (
				CDE1599422D554E4004D43F3 /* Sources */,
				CDE1599522D554E4004D43F3 /* Frameworks */,
				CDE1599622D554E4004D43F3 /* Resources */,
			);
			buildRules = (
			);
			dependencies = (
			);
			name = EventsApp;
			productName = EventsApp;
			productReference = CDE1599822D554E4004D43F3 /* EventsApp.app */;
			productType = "com.apple.product-type.application";
		};
		CDE159AB22D554E5004D43F3 /* EventsAppTests */ = {
			isa = PBXNativeTarget;
			buildConfigurationList = CDE159B822D554E5004D43F3 /* Build configuration list for PBXNativeTarget "EventsAppTests" */;
			buildPhases = (
				CDE159A822D554E5004D43F3 /* Sources */,
				CDE159A922D554E5004D43F3 /* Frameworks */,
				CDE159AA22D554E5004D43F3 /* Resources */,
			);
			buildRules = (
			);
			dependencies = (
				CDE159AE22D554E5004D43F3 /* PBXTargetDependency */,
			);
			name = EventsAppTests;
			productName = EventsAppTests;
			productReference = CDE159AC22D554E5004D43F3 /* EventsAppTests.xctest */;
			productType = "com.apple.product-type.bundle.unit-test";
		};
/* End PBXNativeTarget section */

/* Begin PBXProject section */
		CDE1599022D554E4004D43F3 /* Project object */ = {
			isa = PBXProject;
			attributes = {
				LastSwiftUpdateCheck = 1020;
				LastUpgradeCheck = 1020;
				ORGANIZATIONNAME = "Gabriel Silveira";
				TargetAttributes = {
					CDE1599722D554E4004D43F3 = {
						CreatedOnToolsVersion = 10.2.1;
					};
					CDE159AB22D554E5004D43F3 = {
						CreatedOnToolsVersion = 10.2.1;
						LastSwiftMigration = 1020;
						TestTargetID = CDE1599722D554E4004D43F3;
					};
				};
			};
			buildConfigurationList = CDE1599322D554E4004D43F3 /* Build configuration list for PBXProject "EventsApp" */;
			compatibilityVersion = "Xcode 9.3";
			developmentRegion = en;
			hasScannedForEncodings = 0;
			knownRegions = (
				en,
				Base,
			);
			mainGroup = CDE1598F22D554E4004D43F3;
			productRefGroup = CDE1599922D554E4004D43F3 /* Products */;
			projectDirPath = "";
			projectRoot = "";
			targets = (
				CDE1599722D554E4004D43F3 /* EventsApp */,
				CDE159AB22D554E5004D43F3 /* EventsAppTests */,
			);
		};
/* End PBXProject section */

/* Begin PBXResourcesBuildPhase section */
		CDE1599622D554E4004D43F3 /* Resources */ = {
			isa = PBXResourcesBuildPhase;
			buildActionMask = 2147483647;
			files = (
				CDA92AC222D5752500696014 /* Localizable.strings in Resources */,
				CDA92ABE22D572A900696014 /* Environment.plist in Resources */,
				CDE159A622D554E5004D43F3 /* LaunchScreen.storyboard in Resources */,
				CDE159A322D554E5004D43F3 /* Assets.xcassets in Resources */,
				CDE159A122D554E4004D43F3 /* Main.storyboard in Resources */,
			);
			runOnlyForDeploymentPostprocessing = 0;
		};
		CDE159AA22D554E5004D43F3 /* Resources */ = {
			isa = PBXResourcesBuildPhase;
			buildActionMask = 2147483647;
			files = (
			);
			runOnlyForDeploymentPostprocessing = 0;
		};
/* End PBXResourcesBuildPhase section */

/* Begin PBXSourcesBuildPhase section */
		CDE1599422D554E4004D43F3 /* Sources */ = {
			isa = PBXSourcesBuildPhase;
			buildActionMask = 2147483647;
			files = (
				CDA92AB822D572A900696014 /* NetworkManager.swift in Sources */,
				CDA92AC522D578F400696014 /* String.swift in Sources */,
				CDE1599E22D554E4004D43F3 /* ViewController.swift in Sources */,
				CDA92ABA22D572A900696014 /* HTTPMethod.swift in Sources */,
				CDA92ABC22D572A900696014 /* EventEndPoint.swift in Sources */,
				CDA92ABD22D572A900696014 /* Environment.swift in Sources */,
				CDA92AC722D57F3B00696014 /* EventsListService.swift in Sources */,
				CDA92AB922D572A900696014 /* ParameterEncoding.swift in Sources */,
				CDE1599C22D554E4004D43F3 /* AppDelegate.swift in Sources */,
				CDA92AB722D572A900696014 /* NetworkResponse.swift in Sources */,
				CDA92ABB22D572A900696014 /* EndPointType.swift in Sources */,
			);
			runOnlyForDeploymentPostprocessing = 0;
		};
		CDE159A822D554E5004D43F3 /* Sources */ = {
			isa = PBXSourcesBuildPhase;
			buildActionMask = 2147483647;
			files = (
				CDA92AC922D5834A00696014 /* NetworkManagerTests.swift in Sources */,
			);
			runOnlyForDeploymentPostprocessing = 0;
		};
/* End PBXSourcesBuildPhase section */

/* Begin PBXTargetDependency section */
		CDE159AE22D554E5004D43F3 /* PBXTargetDependency */ = {
			isa = PBXTargetDependency;
			target = CDE1599722D554E4004D43F3 /* EventsApp */;
			targetProxy = CDE159AD22D554E5004D43F3 /* PBXContainerItemProxy */;
		};
/* End PBXTargetDependency section */

/* Begin PBXVariantGroup section */
		CDE1599F22D554E4004D43F3 /* Main.storyboard */ = {
			isa = PBXVariantGroup;
			children = (
				CDE159A022D554E4004D43F3 /* Base */,
			);
			name = Main.storyboard;
			sourceTree = "<group>";
		};
		CDE159A422D554E5004D43F3 /* LaunchScreen.storyboard */ = {
			isa = PBXVariantGroup;
			children = (
				CDE159A522D554E5004D43F3 /* Base */,
			);
			name = LaunchScreen.storyboard;
			sourceTree = "<group>";
		};
/* End PBXVariantGroup section */

/* Begin XCBuildConfiguration section */
		CDE159B322D554E5004D43F3 /* Debug */ = {
			isa = XCBuildConfiguration;
			buildSettings = {
				ALWAYS_SEARCH_USER_PATHS = NO;
				CLANG_ANALYZER_NONNULL = YES;
				CLANG_ANALYZER_NUMBER_OBJECT_CONVERSION = YES_AGGRESSIVE;
				CLANG_CXX_LANGUAGE_STANDARD = "gnu++14";
				CLANG_CXX_LIBRARY = "libc++";
				CLANG_ENABLE_MODULES = YES;
				CLANG_ENABLE_OBJC_ARC = YES;
				CLANG_ENABLE_OBJC_WEAK = YES;
				CLANG_WARN_BLOCK_CAPTURE_AUTORELEASING = YES;
				CLANG_WARN_BOOL_CONVERSION = YES;
				CLANG_WARN_COMMA = YES;
				CLANG_WARN_CONSTANT_CONVERSION = YES;
				CLANG_WARN_DEPRECATED_OBJC_IMPLEMENTATIONS = YES;
				CLANG_WARN_DIRECT_OBJC_ISA_USAGE = YES_ERROR;
				CLANG_WARN_DOCUMENTATION_COMMENTS = YES;
				CLANG_WARN_EMPTY_BODY = YES;
				CLANG_WARN_ENUM_CONVERSION = YES;
				CLANG_WARN_INFINITE_RECURSION = YES;
				CLANG_WARN_INT_CONVERSION = YES;
				CLANG_WARN_NON_LITERAL_NULL_CONVERSION = YES;
				CLANG_WARN_OBJC_IMPLICIT_RETAIN_SELF = YES;
				CLANG_WARN_OBJC_LITERAL_CONVERSION = YES;
				CLANG_WARN_OBJC_ROOT_CLASS = YES_ERROR;
				CLANG_WARN_RANGE_LOOP_ANALYSIS = YES;
				CLANG_WARN_STRICT_PROTOTYPES = YES;
				CLANG_WARN_SUSPICIOUS_MOVE = YES;
				CLANG_WARN_UNGUARDED_AVAILABILITY = YES_AGGRESSIVE;
				CLANG_WARN_UNREACHABLE_CODE = YES;
				CLANG_WARN__DUPLICATE_METHOD_MATCH = YES;
				CODE_SIGN_IDENTITY = "iPhone Developer";
				COPY_PHASE_STRIP = NO;
				DEBUG_INFORMATION_FORMAT = dwarf;
				ENABLE_STRICT_OBJC_MSGSEND = YES;
				ENABLE_TESTABILITY = YES;
				GCC_C_LANGUAGE_STANDARD = gnu11;
				GCC_DYNAMIC_NO_PIC = NO;
				GCC_NO_COMMON_BLOCKS = YES;
				GCC_OPTIMIZATION_LEVEL = 0;
				GCC_PREPROCESSOR_DEFINITIONS = (
					"DEBUG=1",
					"$(inherited)",
				);
				GCC_WARN_64_TO_32_BIT_CONVERSION = YES;
				GCC_WARN_ABOUT_RETURN_TYPE = YES_ERROR;
				GCC_WARN_UNDECLARED_SELECTOR = YES;
				GCC_WARN_UNINITIALIZED_AUTOS = YES_AGGRESSIVE;
				GCC_WARN_UNUSED_FUNCTION = YES;
				GCC_WARN_UNUSED_VARIABLE = YES;
				IPHONEOS_DEPLOYMENT_TARGET = 12.2;
				MTL_ENABLE_DEBUG_INFO = INCLUDE_SOURCE;
				MTL_FAST_MATH = YES;
				ONLY_ACTIVE_ARCH = YES;
				SDKROOT = iphoneos;
				SWIFT_ACTIVE_COMPILATION_CONDITIONS = DEBUG;
				SWIFT_OPTIMIZATION_LEVEL = "-Onone";
			};
			name = Debug;
		};
		CDE159B422D554E5004D43F3 /* Release */ = {
			isa = XCBuildConfiguration;
			buildSettings = {
				ALWAYS_SEARCH_USER_PATHS = NO;
				CLANG_ANALYZER_NONNULL = YES;
				CLANG_ANALYZER_NUMBER_OBJECT_CONVERSION = YES_AGGRESSIVE;
				CLANG_CXX_LANGUAGE_STANDARD = "gnu++14";
				CLANG_CXX_LIBRARY = "libc++";
				CLANG_ENABLE_MODULES = YES;
				CLANG_ENABLE_OBJC_ARC = YES;
				CLANG_ENABLE_OBJC_WEAK = YES;
				CLANG_WARN_BLOCK_CAPTURE_AUTORELEASING = YES;
				CLANG_WARN_BOOL_CONVERSION = YES;
				CLANG_WARN_COMMA = YES;
				CLANG_WARN_CONSTANT_CONVERSION = YES;
				CLANG_WARN_DEPRECATED_OBJC_IMPLEMENTATIONS = YES;
				CLANG_WARN_DIRECT_OBJC_ISA_USAGE = YES_ERROR;
				CLANG_WARN_DOCUMENTATION_COMMENTS = YES;
				CLANG_WARN_EMPTY_BODY = YES;
				CLANG_WARN_ENUM_CONVERSION = YES;
				CLANG_WARN_INFINITE_RECURSION = YES;
				CLANG_WARN_INT_CONVERSION = YES;
				CLANG_WARN_NON_LITERAL_NULL_CONVERSION = YES;
				CLANG_WARN_OBJC_IMPLICIT_RETAIN_SELF = YES;
				CLANG_WARN_OBJC_LITERAL_CONVERSION = YES;
				CLANG_WARN_OBJC_ROOT_CLASS = YES_ERROR;
				CLANG_WARN_RANGE_LOOP_ANALYSIS = YES;
				CLANG_WARN_STRICT_PROTOTYPES = YES;
				CLANG_WARN_SUSPICIOUS_MOVE = YES;
				CLANG_WARN_UNGUARDED_AVAILABILITY = YES_AGGRESSIVE;
				CLANG_WARN_UNREACHABLE_CODE = YES;
				CLANG_WARN__DUPLICATE_METHOD_MATCH = YES;
				CODE_SIGN_IDENTITY = "iPhone Developer";
				COPY_PHASE_STRIP = NO;
				DEBUG_INFORMATION_FORMAT = "dwarf-with-dsym";
				ENABLE_NS_ASSERTIONS = NO;
				ENABLE_STRICT_OBJC_MSGSEND = YES;
				GCC_C_LANGUAGE_STANDARD = gnu11;
				GCC_NO_COMMON_BLOCKS = YES;
				GCC_WARN_64_TO_32_BIT_CONVERSION = YES;
				GCC_WARN_ABOUT_RETURN_TYPE = YES_ERROR;
				GCC_WARN_UNDECLARED_SELECTOR = YES;
				GCC_WARN_UNINITIALIZED_AUTOS = YES_AGGRESSIVE;
				GCC_WARN_UNUSED_FUNCTION = YES;
				GCC_WARN_UNUSED_VARIABLE = YES;
				IPHONEOS_DEPLOYMENT_TARGET = 12.2;
				MTL_ENABLE_DEBUG_INFO = NO;
				MTL_FAST_MATH = YES;
				SDKROOT = iphoneos;
				SWIFT_COMPILATION_MODE = wholemodule;
				SWIFT_OPTIMIZATION_LEVEL = "-O";
				VALIDATE_PRODUCT = YES;
			};
			name = Release;
		};
		CDE159B622D554E5004D43F3 /* Debug */ = {
			isa = XCBuildConfiguration;
			buildSettings = {
				ASSETCATALOG_COMPILER_APPICON_NAME = AppIcon;
				CODE_SIGN_IDENTITY = "iPhone Developer";
				CODE_SIGN_STYLE = Automatic;
				DEVELOPMENT_TEAM = 2AC5F23QLW;
				INFOPLIST_FILE = EventsApp/Info.plist;
				LD_RUNPATH_SEARCH_PATHS = (
					"$(inherited)",
					"@executable_path/Frameworks",
				);
				PRODUCT_BUNDLE_IDENTIFIER = br.com.GabrielSilveira.EventsApp;
				PRODUCT_NAME = "$(TARGET_NAME)";
				PROVISIONING_PROFILE_SPECIFIER = "";
				SWIFT_VERSION = 5.0;
				TARGETED_DEVICE_FAMILY = "1,2";
			};
			name = Debug;
		};
		CDE159B722D554E5004D43F3 /* Release */ = {
			isa = XCBuildConfiguration;
			buildSettings = {
				ASSETCATALOG_COMPILER_APPICON_NAME = AppIcon;
				CODE_SIGN_IDENTITY = "iPhone Developer";
				CODE_SIGN_STYLE = Automatic;
				DEVELOPMENT_TEAM = 2AC5F23QLW;
				INFOPLIST_FILE = EventsApp/Info.plist;
				LD_RUNPATH_SEARCH_PATHS = (
					"$(inherited)",
					"@executable_path/Frameworks",
				);
				PRODUCT_BUNDLE_IDENTIFIER = br.com.GabrielSilveira.EventsApp;
				PRODUCT_NAME = "$(TARGET_NAME)";
				PROVISIONING_PROFILE_SPECIFIER = "";
				SWIFT_VERSION = 5.0;
				TARGETED_DEVICE_FAMILY = "1,2";
			};
			name = Release;
		};
		CDE159B922D554E5004D43F3 /* Debug */ = {
			isa = XCBuildConfiguration;
			buildSettings = {
				ALWAYS_EMBED_SWIFT_STANDARD_LIBRARIES = YES;
				BUNDLE_LOADER = "$(TEST_HOST)";
				CLANG_ENABLE_MODULES = YES;
				CODE_SIGN_STYLE = Automatic;
				DEVELOPMENT_TEAM = 2AC5F23QLW;
				INFOPLIST_FILE = EventsAppTests/Info.plist;
				LD_RUNPATH_SEARCH_PATHS = (
					"$(inherited)",
					"@executable_path/Frameworks",
					"@loader_path/Frameworks",
				);
				PRODUCT_BUNDLE_IDENTIFIER = br.com.GabrielSilveira.EventsAppTests;
				PRODUCT_NAME = "$(TARGET_NAME)";
				SWIFT_OPTIMIZATION_LEVEL = "-Onone";
				SWIFT_VERSION = 5.0;
				TARGETED_DEVICE_FAMILY = "1,2";
				TEST_HOST = "$(BUILT_PRODUCTS_DIR)/EventsApp.app/EventsApp";
			};
			name = Debug;
		};
		CDE159BA22D554E5004D43F3 /* Release */ = {
			isa = XCBuildConfiguration;
			buildSettings = {
				ALWAYS_EMBED_SWIFT_STANDARD_LIBRARIES = YES;
				BUNDLE_LOADER = "$(TEST_HOST)";
				CLANG_ENABLE_MODULES = YES;
				CODE_SIGN_STYLE = Automatic;
				DEVELOPMENT_TEAM = 2AC5F23QLW;
				INFOPLIST_FILE = EventsAppTests/Info.plist;
				LD_RUNPATH_SEARCH_PATHS = (
					"$(inherited)",
					"@executable_path/Frameworks",
					"@loader_path/Frameworks",
				);
				PRODUCT_BUNDLE_IDENTIFIER = br.com.GabrielSilveira.EventsAppTests;
				PRODUCT_NAME = "$(TARGET_NAME)";
				SWIFT_VERSION = 5.0;
				TARGETED_DEVICE_FAMILY = "1,2";
				TEST_HOST = "$(BUILT_PRODUCTS_DIR)/EventsApp.app/EventsApp";
			};
			name = Release;
		};
/* End XCBuildConfiguration section */

/* Begin XCConfigurationList section */
		CDE1599322D554E4004D43F3 /* Build configuration list for PBXProject "EventsApp" */ = {
			isa = XCConfigurationList;
			buildConfigurations = (
				CDE159B322D554E5004D43F3 /* Debug */,
				CDE159B422D554E5004D43F3 /* Release */,
			);
			defaultConfigurationIsVisible = 0;
			defaultConfigurationName = Release;
		};
		CDE159B522D554E5004D43F3 /* Build configuration list for PBXNativeTarget "EventsApp" */ = {
			isa = XCConfigurationList;
			buildConfigurations = (
				CDE159B622D554E5004D43F3 /* Debug */,
				CDE159B722D554E5004D43F3 /* Release */,
			);
			defaultConfigurationIsVisible = 0;
			defaultConfigurationName = Release;
		};
		CDE159B822D554E5004D43F3 /* Build configuration list for PBXNativeTarget "EventsAppTests" */ = {
			isa = XCConfigurationList;
			buildConfigurations = (
				CDE159B922D554E5004D43F3 /* Debug */,
				CDE159BA22D554E5004D43F3 /* Release */,
			);
			defaultConfigurationIsVisible = 0;
			defaultConfigurationName = Release;
		};
/* End XCConfigurationList section */
	};
	rootObject = CDE1599022D554E4004D43F3 /* Project object */;
}
